
Microsoft Visual Studio Solution File, Format Version 10.00
# Visual Studio 2008
Project("{2150E333-8FDC-42A3-9474-1A3956D46DE8}") = "R.SAT", "R.SAT", "{78B87EE4-ECDB-48A0-A5B4-D4352F0B17F0}"
EndProject
Project("{2150E333-8FDC-42A3-9474-1A3956D46DE8}") = "Demos", "Demos", "{41C502E1-F77C-47A3-920D-4996E11B8521}"
EndProject
Project("{2150E333-8FDC-42A3-9474-1A3956D46DE8}") = "Services", "Services", "{B8097FC1-A827-4588-96AE-1DFF163A8A86}"
EndProject
Project("{2150E333-8FDC-42A3-9474-1A3956D46DE8}") = "Extensibility", "Extensibility", "{61787F77-585C-4BE0-8A37-264AF94C0A9A}"
EndProject
Project("{FAE04EC0-301F-11D3-BF4B-00C04F79EFBC}") = "R.SAT-Model", "..\R.SAT\R.SAT-Model\R.SAT-Model.csproj", "{4F292719-A4B8-40EA-B90E-4EDB7D78E38B}"
EndProject
Project("{FAE04EC0-301F-11D3-BF4B-00C04F79EFBC}") = "R.SAT-Common", "..\R.SAT\R.SAT-Common\R.SAT-Common.csproj", "{7D9CAEC6-4973-4592-A321-54C9EFACA0F8}"
EndProject
Project("{FAE04EC0-301F-11D3-BF4B-00C04F79EFBC}") = "ServiceDemo", "Services\ServiceDemo\ServiceDemo.csproj", "{E0B16786-44CB-4420-B446-BDC8F9A7C098}"
EndProject
Project("{FAE04EC0-301F-11D3-BF4B-00C04F79EFBC}") = "SimpleExtension", "Extensibility\SimpleExtension\SimpleExtension.csproj", "{3EF5427F-754D-4F0F-9667-78C9EB527CC8}"
EndProject
Project("{FAE04EC0-301F-11D3-BF4B-00C04F79EFBC}") = "RegStrategies", "Extensibility\RegStrategies\RegStrategies.csproj", "{966CD925-722D-47A1-907D-3EE1F0EACC2D}"
EndProject
Global
	GlobalSection(SolutionConfigurationPlatforms) = preSolution
		Debug|Any CPU = Debug|Any CPU
		Release|Any CPU = Release|Any CPU
	EndGlobalSection
	GlobalSection(ProjectConfigurationPlatforms) = postSolution
		{4F292719-A4B8-40EA-B90E-4EDB7D78E38B}.Debug|Any CPU.ActiveCfg = Debug|Any CPU
		{4F292719-A4B8-40EA-B90E-4EDB7D78E38B}.Debug|Any CPU.Build.0 = Debug|Any CPU
		{4F292719-A4B8-40EA-B90E-4EDB7D78E38B}.Release|Any CPU.ActiveCfg = Release|Any CPU
		{4F292719-A4B8-40EA-B90E-4EDB7D78E38B}.Release|Any CPU.Build.0 = Release|Any CPU
		{7D9CAEC6-4973-4592-A321-54C9EFACA0F8}.Debug|Any CPU.ActiveCfg = Debug|Any CPU
		{7D9CAEC6-4973-4592-A321-54C9EFACA0F8}.Debug|Any CPU.Build.0 = Debug|Any CPU
		{7D9CAEC6-4973-4592-A321-54C9EFACA0F8}.Release|Any CPU.ActiveCfg = Release|Any CPU
		{7D9CAEC6-4973-4592-A321-54C9EFACA0F8}.Release|Any CPU.Build.0 = Release|Any CPU
		{E0B16786-44CB-4420-B446-BDC8F9A7C098}.Debug|Any CPU.ActiveCfg = Debug|Any CPU
		{E0B16786-44CB-4420-B446-BDC8F9A7C098}.Debug|Any CPU.Build.0 = Debug|Any CPU
		{E0B16786-44CB-4420-B446-BDC8F9A7C098}.Release|Any CPU.ActiveCfg = Release|Any CPU
		{E0B16786-44CB-4420-B446-BDC8F9A7C098}.Release|Any CPU.Build.0 = Release|Any CPU
		{3EF5427F-754D-4F0F-9667-78C9EB527CC8}.Debug|Any CPU.ActiveCfg = Debug|Any CPU
		{3EF5427F-754D-4F0F-9667-78C9EB527CC8}.Debug|Any CPU.Build.0 = Debug|Any CPU
		{3EF5427F-754D-4F0F-9667-78C9EB527CC8}.Release|Any CPU.ActiveCfg = Release|Any CPU
		{3EF5427F-754D-4F0F-9667-78C9EB527CC8}.Release|Any CPU.Build.0 = Release|Any CPU
		{966CD925-722D-47A1-907D-3EE1F0EACC2D}.Debug|Any CPU.ActiveCfg = Debug|Any CPU
		{966CD925-722D-47A1-907D-3EE1F0EACC2D}.Debug|Any CPU.Build.0 = Debug|Any CPU
		{966CD925-722D-47A1-907D-3EE1F0EACC2D}.Release|Any CPU.ActiveCfg = Release|Any CPU
		{966CD925-722D-47A1-907D-3EE1F0EACC2D}.Release|Any CPU.Build.0 = Release|Any CPU
	EndGlobalSection
	GlobalSection(SolutionProperties) = preSolution
		HideSolutionNode = FALSE
	EndGlobalSection
	GlobalSection(NestedProjects) = preSolution
		{4F292719-A4B8-40EA-B90E-4EDB7D78E38B} = {78B87EE4-ECDB-48A0-A5B4-D4352F0B17F0}
		{7D9CAEC6-4973-4592-A321-54C9EFACA0F8} = {78B87EE4-ECDB-48A0-A5B4-D4352F0B17F0}
		{B8097FC1-A827-4588-96AE-1DFF163A8A86} = {41C502E1-F77C-47A3-920D-4996E11B8521}
		{61787F77-585C-4BE0-8A37-264AF94C0A9A} = {41C502E1-F77C-47A3-920D-4996E11B8521}
		{E0B16786-44CB-4420-B446-BDC8F9A7C098} = {B8097FC1-A827-4588-96AE-1DFF163A8A86}
		{3EF5427F-754D-4F0F-9667-78C9EB527CC8} = {61787F77-585C-4BE0-8A37-264AF94C0A9A}
		{966CD925-722D-47A1-907D-3EE1F0EACC2D} = {61787F77-585C-4BE0-8A37-264AF94C0A9A}
	EndGlobalSection
EndGlobal
